
Microsoft Visual Studio Solution File, Format Version 12.00
# Visual Studio Version 17
VisualStudioVersion = 17.2.32616.157
MinimumVisualStudioVersion = 10.0.40219.1
Project("{FAE04EC0-301F-11D3-BF4B-00C04F79EFBC}") = "PatternMatchingAndRecordSample", "PatternMatchingAndRecordSample.csproj", "{83FB0F5C-E541-4EBF-9AEA-DC3236DEA8CE}"
EndProject
Global
	GlobalSection(SolutionConfigurationPlatforms) = preSolution
		Debug|Any CPU = Debug|Any CPU
		Release|Any CPU = Release|Any CPU
	EndGlobalSection
	GlobalSection(ProjectConfigurationPlatforms) = postSolution
		{83FB0F5C-E541-4EBF-9AEA-DC3236DEA8CE}.Debug|Any CPU.ActiveCfg = Debug|Any CPU
		{83FB0F5C-E541-4EBF-9AEA-DC3236DEA8CE}.Debug|Any CPU.Build.0 = Debug|Any CPU
		{83FB0F5C-E541-4EBF-9AEA-DC3236DEA8CE}.Release|Any CPU.ActiveCfg = Release|Any CPU
		{83FB0F5C-E541-4EBF-9AEA-DC3236DEA8CE}.Release|Any CPU.Build.0 = Release|Any CPU
	EndGlobalSection
	GlobalSection(SolutionProperties) = preSolution
		HideSolutionNode = FALSE
	EndGlobalSection
	GlobalSection(ExtensibilityGlobals) = postSolution
		SolutionGuid = {64ADBC30-A16F-460C-A80B-331BAD6207B4}
	EndGlobalSection
EndGlobal
