
Microsoft Visual Studio Solution File, Format Version 12.00
# Visual Studio Version 17
VisualStudioVersion = 17.8.34525.116
MinimumVisualStudioVersion = 10.0.40219.1
Project("{9A19103F-16F7-4668-BE54-9A1E7A4F7556}") = "dotnetpro-AusAcroFormMachPdf", "dotnetpro-AusAcroFormMachPdf.csproj", "{8FA6952F-8C5B-49A0-90D7-525DC7092EFE}"
EndProject
Global
	GlobalSection(SolutionConfigurationPlatforms) = preSolution
		Debug|Any CPU = Debug|Any CPU
		Release|Any CPU = Release|Any CPU
	EndGlobalSection
	GlobalSection(ProjectConfigurationPlatforms) = postSolution
		{8FA6952F-8C5B-49A0-90D7-525DC7092EFE}.Debug|Any CPU.ActiveCfg = Debug|Any CPU
		{8FA6952F-8C5B-49A0-90D7-525DC7092EFE}.Debug|Any CPU.Build.0 = Debug|Any CPU
		{8FA6952F-8C5B-49A0-90D7-525DC7092EFE}.Release|Any CPU.ActiveCfg = Release|Any CPU
		{8FA6952F-8C5B-49A0-90D7-525DC7092EFE}.Release|Any CPU.Build.0 = Release|Any CPU
	EndGlobalSection
	GlobalSection(SolutionProperties) = preSolution
		HideSolutionNode = FALSE
	EndGlobalSection
	GlobalSection(ExtensibilityGlobals) = postSolution
		SolutionGuid = {58B644BE-B867-4181-BF30-3BA992B24519}
	EndGlobalSection
EndGlobal
