
Microsoft Visual Studio Solution File, Format Version 12.00
# Visual Studio Version 17
VisualStudioVersion = 17.2.32616.157
MinimumVisualStudioVersion = 10.0.40219.1
Project("{FAE04EC0-301F-11D3-BF4B-00C04F79EFBC}") = "ImplicitOperatorSample", "ImplicitOperatorSample.csproj", "{D500F191-82D2-4816-8D76-A84064B1E316}"
EndProject
Global
	GlobalSection(SolutionConfigurationPlatforms) = preSolution
		Debug|Any CPU = Debug|Any CPU
		Release|Any CPU = Release|Any CPU
	EndGlobalSection
	GlobalSection(ProjectConfigurationPlatforms) = postSolution
		{D500F191-82D2-4816-8D76-A84064B1E316}.Debug|Any CPU.ActiveCfg = Debug|Any CPU
		{D500F191-82D2-4816-8D76-A84064B1E316}.Debug|Any CPU.Build.0 = Debug|Any CPU
		{D500F191-82D2-4816-8D76-A84064B1E316}.Release|Any CPU.ActiveCfg = Release|Any CPU
		{D500F191-82D2-4816-8D76-A84064B1E316}.Release|Any CPU.Build.0 = Release|Any CPU
	EndGlobalSection
	GlobalSection(SolutionProperties) = preSolution
		HideSolutionNode = FALSE
	EndGlobalSection
	GlobalSection(ExtensibilityGlobals) = postSolution
		SolutionGuid = {D1618F06-9DDC-41B0-9C0E-94FADFF98933}
	EndGlobalSection
EndGlobal
