
Microsoft Visual Studio Solution File, Format Version 12.00
# Visual Studio Version 17
VisualStudioVersion = 17.5.33516.290
MinimumVisualStudioVersion = 10.0.40219.1
Project("{FAE04EC0-301F-11D3-BF4B-00C04F79EFBC}") = "ChannelSample", "ChannelSample.csproj", "{958F186A-10C3-473F-A2AC-0FA3C1E78845}"
EndProject
Global
	GlobalSection(SolutionConfigurationPlatforms) = preSolution
		Debug|Any CPU = Debug|Any CPU
		Release|Any CPU = Release|Any CPU
	EndGlobalSection
	GlobalSection(ProjectConfigurationPlatforms) = postSolution
		{958F186A-10C3-473F-A2AC-0FA3C1E78845}.Debug|Any CPU.ActiveCfg = Debug|Any CPU
		{958F186A-10C3-473F-A2AC-0FA3C1E78845}.Debug|Any CPU.Build.0 = Debug|Any CPU
		{958F186A-10C3-473F-A2AC-0FA3C1E78845}.Release|Any CPU.ActiveCfg = Release|Any CPU
		{958F186A-10C3-473F-A2AC-0FA3C1E78845}.Release|Any CPU.Build.0 = Release|Any CPU
	EndGlobalSection
	GlobalSection(SolutionProperties) = preSolution
		HideSolutionNode = FALSE
	EndGlobalSection
	GlobalSection(ExtensibilityGlobals) = postSolution
		SolutionGuid = {95A7246C-EE7A-4DB3-B81B-4304C73B6302}
	EndGlobalSection
EndGlobal
